<?xml version="1.0" encoding="utf-8"?>
<Project ToolsVersion="4.0" xmlns="http://schemas.microsoft.com/developer/msbuild/2003">
  <ItemGroup>
    <Filter Include="Math">
      <UniqueIdentifier>{71ba2311-509e-4710-a3fb-fb9cdbfff9ff}</UniqueIdentifier>
    </Filter>
    <Filter Include="Raytracing">
      <UniqueIdentifier>{788f2913-d3bc-4727-b65d-e6bd7adcce93}</UniqueIdentifier>
    </Filter>
    <Filter Include="Raytracing\Primitives">
      <UniqueIdentifier>{590c32e0-5c21-4243-8f94-cc47432e64c8}</UniqueIdentifier>
    </Filter>
    <Filter Include="Raytracing\Lights">
      <UniqueIdentifier>{12c50d02-1b55-4fcb-9a37-f6168e71e5d2}</UniqueIdentifier>
    </Filter>
    <Filter Include="Assets">
      <UniqueIdentifier>{0c892418-43c7-4698-a067-a0f026c48d24}</UniqueIdentifier>
    </Filter>
    <Filter Include="Util">
      <UniqueIdentifier>{a27660bb-3206-476a-9396-8955fb30501c}</UniqueIdentifier>
    </Filter>
    <Filter Include="Raytracing\BVH">
      <UniqueIdentifier>{fc757026-834f-48ab-978c-e1661f1f89c5}</UniqueIdentifier>
    </Filter>
  </ItemGroup>
  <ItemGroup>
    <ClCompile Include="Camera.cpp">
      <Filter>Raytracing</Filter>
    </ClCompile>
    <ClCompile Include="Scene.cpp">
      <Filter>Raytracing</Filter>
    </ClCompile>
    <ClCompile Include="Main.cpp" />
    <ClCompile Include="Window.cpp" />
    <ClCompile Include="Plane.cpp">
      <Filter>Raytracing\Primitives</Filter>
    </ClCompile>
    <ClCompile Include="Sphere.cpp">
      <Filter>Raytracing\Primitives</Filter>
    </ClCompile>
    <ClCompile Include="Texture.cpp">
      <Filter>Assets</Filter>
    </ClCompile>
    <ClCompile Include="Mesh.cpp">
      <Filter>Raytracing\Primitives</Filter>
    </ClCompile>
    <ClCompile Include="Util.cpp">
      <Filter>Util</Filter>
    </ClCompile>
    <ClCompile Include="ModelData.cpp">
      <Filter>Assets</Filter>
    </ClCompile>
    <ClCompile Include="WorkerThread.cpp" />
    <ClCompile Include="Sky.cpp">
      <Filter>Raytracing</Filter>
    </ClCompile>
    <ClCompile Include="AABB.cpp">
      <Filter>Raytracing\BVH</Filter>
    </ClCompile>
  </ItemGroup>
  <ItemGroup>
    <ClInclude Include="Vector3.h">
      <Filter>Math</Filter>
    </ClInclude>
    <ClInclude Include="Vector2.h">
      <Filter>Math</Filter>
    </ClInclude>
    <ClInclude Include="Quaternion.h">
      <Filter>Math</Filter>
    </ClInclude>
    <ClInclude Include="Matrix4.h">
      <Filter>Math</Filter>
    </ClInclude>
    <ClInclude Include="Camera.h">
      <Filter>Raytracing</Filter>
    </ClInclude>
    <ClInclude Include="Ray.h">
      <Filter>Raytracing</Filter>
    </ClInclude>
    <ClInclude Include="Scene.h">
      <Filter>Raytracing</Filter>
    </ClInclude>
    <ClInclude Include="Window.h" />
    <ClInclude Include="Plane.h">
      <Filter>Raytracing\Primitives</Filter>
    </ClInclude>
    <ClInclude Include="Sphere.h">
      <Filter>Raytracing\Primitives</Filter>
    </ClInclude>
    <ClInclude Include="PointLight.h">
      <Filter>Raytracing\Lights</Filter>
    </ClInclude>
    <ClInclude Include="SpotLight.h">
      <Filter>Raytracing\Lights</Filter>
    </ClInclude>
    <ClInclude Include="DirectionalLight.h">
      <Filter>Raytracing\Lights</Filter>
    </ClInclude>
    <ClInclude Include="Light.h">
      <Filter>Raytracing\Lights</Filter>
    </ClInclude>
    <ClInclude Include="Primitive.h">
      <Filter>Raytracing\Primitives</Filter>
    </ClInclude>
    <ClInclude Include="Texture.h">
      <Filter>Assets</Filter>
    </ClInclude>
    <ClInclude Include="RayHit.h">
      <Filter>Raytracing</Filter>
    </ClInclude>
    <ClInclude Include="Mesh.h">
      <Filter>Raytracing\Primitives</Filter>
    </ClInclude>
    <ClInclude Include="Transform.h">
      <Filter>Raytracing</Filter>
    </ClInclude>
    <ClInclude Include="Util.h">
      <Filter>Util</Filter>
    </ClInclude>
    <ClInclude Include="PrimitiveList.h">
      <Filter>Raytracing\Primitives</Filter>
    </ClInclude>
    <ClInclude Include="Test.h">
      <Filter>Util</Filter>
    </ClInclude>
    <ClInclude Include="Model.h">
      <Filter>Raytracing\Primitives</Filter>
    </ClInclude>
    <ClInclude Include="ModelData.h">
      <Filter>Assets</Filter>
    </ClInclude>
    <ClInclude Include="Material.h">
      <Filter>Assets</Filter>
    </ClInclude>
    <ClInclude Include="Math.h">
      <Filter>Math</Filter>
    </ClInclude>
    <ClInclude Include="WorkerThread.h" />
    <ClInclude Include="SIMD.h">
      <Filter>Util</Filter>
    </ClInclude>
    <ClInclude Include="Sky.h">
      <Filter>Raytracing</Filter>
    </ClInclude>
    <ClInclude Include="AABB.h">
      <Filter>Raytracing\BVH</Filter>
    </ClInclude>
    <ClInclude Include="BVH.h">
      <Filter>Raytracing\BVH</Filter>
    </ClInclude>
  </ItemGroup>
</Project>